{
  "nodes": {
    "kasumi": {
      "inputs": {
        "nixpkgs": [
          "nixpkgs"
        ]
      },
      "locked": {
        "lastModified": 1770613704,
        "narHash": "sha256-AkgDcEWowLtcDwW6rJRQelDFuIlN5OoT18cFiw6UBEQ=",
        "owner": "nadevko",
        "repo": "kasumi",
        "rev": "fb0e8f550940fd901343c29cf2f843a955d6999c",
        "type": "github"
      },
      "original": {
        "owner": "nadevko",
        "repo": "kasumi",
        "type": "github"
      }
    },
    "nixpkgs": {
      "locked": {
        "lastModified": 1770841267,
        "narHash": "sha256-BKNoPyCG5hRTJUNhwnL9PlWFujr8/18VzggAVRXl6us=",
        "rev": "ec7c70d12ce2fc37cb92aff673dcdca89d187bae",
        "type": "tarball",
        "url": "https://releases.nixos.org/nixos/unstable/nixos-26.05pre944744.ec7c70d12ce2/nixexprs.tar.xz"
      },
      "original": {
        "type": "tarball",
        "url": "https://channels.nixos.org/nixos-unstable/nixexprs.tar.xz"
      }
    },
    "root": {
      "inputs": {
        "kasumi": "kasumi",
        "nixpkgs": "nixpkgs"
      }
    }
  },
  "root": "root",
  "version": 7
}
