{
  "nodes": {
    "kasumi": {
      "inputs": {
        "nixpkgs": [
          "nixpkgs"
        ]
      },
      "locked": {
        "lastModified": 1770130747,
        "narHash": "sha256-x5kZ7pzdXEWETBerEdUWNXIBHte7f2zNRhx3tLO5LZY=",
        "owner": "nadevko",
        "repo": "kasumi",
        "rev": "f9e9c7291c9f39caa52ac2a79e570e2ab880d397",
        "type": "github"
      },
      "original": {
        "owner": "nadevko",
        "repo": "kasumi",
        "type": "github"
      }
    },
    "nixpkgs": {
      "locked": {
        "lastModified": 1768564909,
        "narHash": "sha256-Kell/SpJYVkHWMvnhqJz/8DqQg2b6PguxVWOuadbHCc=",
        "owner": "NixOS",
        "repo": "nixpkgs",
        "rev": "e4bae1bd10c9c57b2cf517953ab70060a828ee6f",
        "type": "github"
      },
      "original": {
        "owner": "NixOS",
        "ref": "nixos-unstable",
        "repo": "nixpkgs",
        "type": "github"
      }
    },
    "root": {
      "inputs": {
        "kasumi": "kasumi",
        "nixpkgs": "nixpkgs"
      }
    }
  },
  "root": "root",
  "version": 7
}
